{
  "originHash" : "0e4964a0e301832b729f7b7834cb0b7d8a1d2957943cbc25b1a0728bec34ed78",
  "pins" : [
    {
      "identity" : "zbitboard",
      "kind" : "remoteSourceControl",
      "location" : "https://github.com/zobiejrz/zBitboard",
      "state" : {
        "revision" : "71c5329544c29200554d67c2b967be92b6b0c0d4",
        "version" : "0.3.0"
      }
    }
  ],
  "version" : 3
}
