{
  "originHash" : "282704d7a8a52066e37fd4b46cebc13113996dfb11554e7d5d93f47cb252cc2d",
  "pins" : [
    {
      "identity" : "zbitboard",
      "kind" : "remoteSourceControl",
      "location" : "https://github.com/zobiejrz/zBitboard",
      "state" : {
        "revision" : "71c5329544c29200554d67c2b967be92b6b0c0d4",
        "version" : "0.3.0"
      }
    }
  ],
  "version" : 3
}
